
Microsoft Visual Studio Solution File, Format Version 12.00
# Visual Studio Version 16
VisualStudioVersion = 16.0.30611.23
MinimumVisualStudioVersion = 10.0.40219.1
Project("{FAE04EC0-301F-11D3-BF4B-00C04F79EFBC}") = "DCP-087", "DCP-087\DCP-087.csproj", "{3BF70370-EA96-4DD3-BBB3-3AEBFFA01FCA}"
EndProject
Global
	GlobalSection(SolutionConfigurationPlatforms) = preSolution
		Debug|Any CPU = Debug|Any CPU
		Release|Any CPU = Release|Any CPU
	EndGlobalSection
	GlobalSection(ProjectConfigurationPlatforms) = postSolution
		{3BF70370-EA96-4DD3-BBB3-3AEBFFA01FCA}.Debug|Any CPU.ActiveCfg = Debug|Any CPU
		{3BF70370-EA96-4DD3-BBB3-3AEBFFA01FCA}.Debug|Any CPU.Build.0 = Debug|Any CPU
		{3BF70370-EA96-4DD3-BBB3-3AEBFFA01FCA}.Release|Any CPU.ActiveCfg = Release|Any CPU
		{3BF70370-EA96-4DD3-BBB3-3AEBFFA01FCA}.Release|Any CPU.Build.0 = Release|Any CPU
	EndGlobalSection
	GlobalSection(SolutionProperties) = preSolution
		HideSolutionNode = FALSE
	EndGlobalSection
	GlobalSection(ExtensibilityGlobals) = postSolution
		SolutionGuid = {62656852-3E4B-43D4-95EE-91B88BB8D814}
	EndGlobalSection
EndGlobal
