
Microsoft Visual Studio Solution File, Format Version 12.00
# Visual Studio Version 16
VisualStudioVersion = 16.0.30611.23
MinimumVisualStudioVersion = 10.0.40219.1
Project("{FAE04EC0-301F-11D3-BF4B-00C04F79EFBC}") = "DCP-079", "DCP-079\DCP-079.csproj", "{754CBCB6-A937-4B8B-9E91-B48C804A3A33}"
EndProject
Global
	GlobalSection(SolutionConfigurationPlatforms) = preSolution
		Debug|Any CPU = Debug|Any CPU
		Release|Any CPU = Release|Any CPU
	EndGlobalSection
	GlobalSection(ProjectConfigurationPlatforms) = postSolution
		{754CBCB6-A937-4B8B-9E91-B48C804A3A33}.Debug|Any CPU.ActiveCfg = Debug|Any CPU
		{754CBCB6-A937-4B8B-9E91-B48C804A3A33}.Debug|Any CPU.Build.0 = Debug|Any CPU
		{754CBCB6-A937-4B8B-9E91-B48C804A3A33}.Release|Any CPU.ActiveCfg = Release|Any CPU
		{754CBCB6-A937-4B8B-9E91-B48C804A3A33}.Release|Any CPU.Build.0 = Release|Any CPU
	EndGlobalSection
	GlobalSection(SolutionProperties) = preSolution
		HideSolutionNode = FALSE
	EndGlobalSection
	GlobalSection(ExtensibilityGlobals) = postSolution
		SolutionGuid = {1B460009-7591-42DB-ADFA-6E522B0047E2}
	EndGlobalSection
EndGlobal
