
Microsoft Visual Studio Solution File, Format Version 12.00
# Visual Studio Version 16
VisualStudioVersion = 16.0.30611.23
MinimumVisualStudioVersion = 10.0.40219.1
Project("{FAE04EC0-301F-11D3-BF4B-00C04F79EFBC}") = "DCP-080", "DCP-080\DCP-080.csproj", "{1E2F6200-4926-4070-B566-6E1B63CF7EA4}"
EndProject
Global
	GlobalSection(SolutionConfigurationPlatforms) = preSolution
		Debug|Any CPU = Debug|Any CPU
		Release|Any CPU = Release|Any CPU
	EndGlobalSection
	GlobalSection(ProjectConfigurationPlatforms) = postSolution
		{1E2F6200-4926-4070-B566-6E1B63CF7EA4}.Debug|Any CPU.ActiveCfg = Debug|Any CPU
		{1E2F6200-4926-4070-B566-6E1B63CF7EA4}.Debug|Any CPU.Build.0 = Debug|Any CPU
		{1E2F6200-4926-4070-B566-6E1B63CF7EA4}.Release|Any CPU.ActiveCfg = Release|Any CPU
		{1E2F6200-4926-4070-B566-6E1B63CF7EA4}.Release|Any CPU.Build.0 = Release|Any CPU
	EndGlobalSection
	GlobalSection(SolutionProperties) = preSolution
		HideSolutionNode = FALSE
	EndGlobalSection
	GlobalSection(ExtensibilityGlobals) = postSolution
		SolutionGuid = {CF2FA9E1-4069-484E-B1F9-AD9E9E2F167F}
	EndGlobalSection
EndGlobal
